
Microsoft Visual Studio Solution File, Format Version 10.00
# Visual Studio 2008
Project("{8BC9CEB8-8B4A-11D0-8D11-00A0C91BC942}") = "miniWinVNC", "miniWinVNC\miniWinVNC.vcproj", "{6B367D13-7034-4210-AC9F-AB2DDC280B7B}"
	ProjectSection(ProjectDependencies) = postProject
		{AC3E0542-6B62-49C6-9617-2780447B5CEB} = {AC3E0542-6B62-49C6-9617-2780447B5CEB}
		{0AED694C-150D-4F16-89F4-2FEF08E6002E} = {0AED694C-150D-4F16-89F4-2FEF08E6002E}
		{2EF97595-3134-47C2-A620-51066979E351} = {2EF97595-3134-47C2-A620-51066979E351}
		{138805D7-F52B-494A-BF52-1374F75F1B35} = {138805D7-F52B-494A-BF52-1374F75F1B35}
		{400177EC-EA01-4E80-A011-540681448E15} = {400177EC-EA01-4E80-A011-540681448E15}
		{FD379AF1-3285-4C13-9BC0-A7E72DEFB4AC} = {FD379AF1-3285-4C13-9BC0-A7E72DEFB4AC}
	EndProjectSection
EndProject
Project("{8BC9CEB8-8B4A-11D0-8D11-00A0C91BC942}") = "omnithread", "omnithread\omnithread.vcproj", "{2EF97595-3134-47C2-A620-51066979E351}"
EndProject
Project("{8BC9CEB8-8B4A-11D0-8D11-00A0C91BC942}") = "libjpeg", "libjpeg\libjpeg.vcproj", "{0AED694C-150D-4F16-89F4-2FEF08E6002E}"
EndProject
Project("{8BC9CEB8-8B4A-11D0-8D11-00A0C91BC942}") = "rdr", "rdr\rdr.vcproj", "{138805D7-F52B-494A-BF52-1374F75F1B35}"
EndProject
Project("{8BC9CEB8-8B4A-11D0-8D11-00A0C91BC942}") = "zlib", "zlib\zlib.vcproj", "{FD379AF1-3285-4C13-9BC0-A7E72DEFB4AC}"
EndProject
Project("{8BC9CEB8-8B4A-11D0-8D11-00A0C91BC942}") = "Xregion", "Xregion\Xregion.vcproj", "{AC3E0542-6B62-49C6-9617-2780447B5CEB}"
EndProject
Project("{8BC9CEB8-8B4A-11D0-8D11-00A0C91BC942}") = "AskParameter", "AskParameter\AskParameter.vcproj", "{83B63E63-66AD-4086-9423-EDF95313FB50}"
	ProjectSection(ProjectDependencies) = postProject
		{400177EC-EA01-4E80-A011-540681448E15} = {400177EC-EA01-4E80-A011-540681448E15}
	EndProjectSection
EndProject
Project("{8BC9CEB8-8B4A-11D0-8D11-00A0C91BC942}") = "InstantVNC", "InstantVNC\InstantVNC.vcproj", "{7B404D3B-7E24-4A78-A5E4-5EE4D1C70C99}"
	ProjectSection(ProjectDependencies) = postProject
		{6B367D13-7034-4210-AC9F-AB2DDC280B7B} = {6B367D13-7034-4210-AC9F-AB2DDC280B7B}
		{AC3E0542-6B62-49C6-9617-2780447B5CEB} = {AC3E0542-6B62-49C6-9617-2780447B5CEB}
		{0AED694C-150D-4F16-89F4-2FEF08E6002E} = {0AED694C-150D-4F16-89F4-2FEF08E6002E}
		{83B63E63-66AD-4086-9423-EDF95313FB50} = {83B63E63-66AD-4086-9423-EDF95313FB50}
		{2EF97595-3134-47C2-A620-51066979E351} = {2EF97595-3134-47C2-A620-51066979E351}
		{138805D7-F52B-494A-BF52-1374F75F1B35} = {138805D7-F52B-494A-BF52-1374F75F1B35}
		{400177EC-EA01-4E80-A011-540681448E15} = {400177EC-EA01-4E80-A011-540681448E15}
		{FD379AF1-3285-4C13-9BC0-A7E72DEFB4AC} = {FD379AF1-3285-4C13-9BC0-A7E72DEFB4AC}
	EndProjectSection
EndProject
Project("{8BC9CEB8-8B4A-11D0-8D11-00A0C91BC942}") = "PicLibAPI", "PicLibAPI\PicLibAPI.vcproj", "{400177EC-EA01-4E80-A011-540681448E15}"
EndProject
Global
	GlobalSection(SolutionConfigurationPlatforms) = preSolution
		Debug|Win32 = Debug|Win32
		Release|Win32 = Release|Win32
	EndGlobalSection
	GlobalSection(ProjectConfigurationPlatforms) = postSolution
		{6B367D13-7034-4210-AC9F-AB2DDC280B7B}.Debug|Win32.ActiveCfg = Debug|Win32
		{6B367D13-7034-4210-AC9F-AB2DDC280B7B}.Debug|Win32.Build.0 = Debug|Win32
		{6B367D13-7034-4210-AC9F-AB2DDC280B7B}.Release|Win32.ActiveCfg = Release|Win32
		{6B367D13-7034-4210-AC9F-AB2DDC280B7B}.Release|Win32.Build.0 = Release|Win32
		{2EF97595-3134-47C2-A620-51066979E351}.Debug|Win32.ActiveCfg = Debug|Win32
		{2EF97595-3134-47C2-A620-51066979E351}.Debug|Win32.Build.0 = Debug|Win32
		{2EF97595-3134-47C2-A620-51066979E351}.Release|Win32.ActiveCfg = Release|Win32
		{2EF97595-3134-47C2-A620-51066979E351}.Release|Win32.Build.0 = Release|Win32
		{0AED694C-150D-4F16-89F4-2FEF08E6002E}.Debug|Win32.ActiveCfg = Debug|Win32
		{0AED694C-150D-4F16-89F4-2FEF08E6002E}.Debug|Win32.Build.0 = Debug|Win32
		{0AED694C-150D-4F16-89F4-2FEF08E6002E}.Release|Win32.ActiveCfg = Release|Win32
		{0AED694C-150D-4F16-89F4-2FEF08E6002E}.Release|Win32.Build.0 = Release|Win32
		{138805D7-F52B-494A-BF52-1374F75F1B35}.Debug|Win32.ActiveCfg = Debug|Win32
		{138805D7-F52B-494A-BF52-1374F75F1B35}.Debug|Win32.Build.0 = Debug|Win32
		{138805D7-F52B-494A-BF52-1374F75F1B35}.Release|Win32.ActiveCfg = Release|Win32
		{138805D7-F52B-494A-BF52-1374F75F1B35}.Release|Win32.Build.0 = Release|Win32
		{FD379AF1-3285-4C13-9BC0-A7E72DEFB4AC}.Debug|Win32.ActiveCfg = Debug|Win32
		{FD379AF1-3285-4C13-9BC0-A7E72DEFB4AC}.Debug|Win32.Build.0 = Debug|Win32
		{FD379AF1-3285-4C13-9BC0-A7E72DEFB4AC}.Release|Win32.ActiveCfg = Release|Win32
		{FD379AF1-3285-4C13-9BC0-A7E72DEFB4AC}.Release|Win32.Build.0 = Release|Win32
		{AC3E0542-6B62-49C6-9617-2780447B5CEB}.Debug|Win32.ActiveCfg = Debug|Win32
		{AC3E0542-6B62-49C6-9617-2780447B5CEB}.Debug|Win32.Build.0 = Debug|Win32
		{AC3E0542-6B62-49C6-9617-2780447B5CEB}.Release|Win32.ActiveCfg = Release|Win32
		{AC3E0542-6B62-49C6-9617-2780447B5CEB}.Release|Win32.Build.0 = Release|Win32
		{83B63E63-66AD-4086-9423-EDF95313FB50}.Debug|Win32.ActiveCfg = Debug|Win32
		{83B63E63-66AD-4086-9423-EDF95313FB50}.Debug|Win32.Build.0 = Debug|Win32
		{83B63E63-66AD-4086-9423-EDF95313FB50}.Release|Win32.ActiveCfg = Release|Win32
		{83B63E63-66AD-4086-9423-EDF95313FB50}.Release|Win32.Build.0 = Release|Win32
		{7B404D3B-7E24-4A78-A5E4-5EE4D1C70C99}.Debug|Win32.ActiveCfg = Debug|Win32
		{7B404D3B-7E24-4A78-A5E4-5EE4D1C70C99}.Debug|Win32.Build.0 = Debug|Win32
		{7B404D3B-7E24-4A78-A5E4-5EE4D1C70C99}.Release|Win32.ActiveCfg = Release|Win32
		{7B404D3B-7E24-4A78-A5E4-5EE4D1C70C99}.Release|Win32.Build.0 = Release|Win32
		{400177EC-EA01-4E80-A011-540681448E15}.Debug|Win32.ActiveCfg = Debug|Win32
		{400177EC-EA01-4E80-A011-540681448E15}.Debug|Win32.Build.0 = Debug|Win32
		{400177EC-EA01-4E80-A011-540681448E15}.Release|Win32.ActiveCfg = Release|Win32
		{400177EC-EA01-4E80-A011-540681448E15}.Release|Win32.Build.0 = Release|Win32
	EndGlobalSection
	GlobalSection(SolutionProperties) = preSolution
		HideSolutionNode = FALSE
	EndGlobalSection
EndGlobal
