<?xml version="1.0" encoding="utf-8"?>
<Project ToolsVersion="4.0" xmlns="http://schemas.microsoft.com/developer/msbuild/2003">
  <ItemGroup>
    <Filter Include="Source Files">
      <UniqueIdentifier>{b3ec10e5-584b-479b-a159-88dc0a4b0c7d}</UniqueIdentifier>
      <Extensions>cpp;c;cxx;rc;def;r;odl;idl;hpj;bat</Extensions>
    </Filter>
    <Filter Include="Header Files">
      <UniqueIdentifier>{3ae9a7ea-d13a-43d9-8b75-6a26a9872288}</UniqueIdentifier>
      <Extensions>h;hpp;hxx;hm;inl</Extensions>
    </Filter>
    <Filter Include="Resource Files">
      <UniqueIdentifier>{40cdc6bf-7780-492f-949a-85c849695c7e}</UniqueIdentifier>
      <Extensions>ico;cur;bmp;dlg;rc2;rct;bin;rgs;gif;jpg;jpeg;jpe</Extensions>
    </Filter>
  </ItemGroup>
  <ItemGroup>
    <ClCompile Include="AskDlg.cpp">
      <Filter>Source Files</Filter>
    </ClCompile>
    <ClCompile Include="..\InstantVNC\CommonBase.cpp">
      <Filter>Source Files</Filter>
    </ClCompile>
    <ClCompile Include="EchowareDll.cpp">
      <Filter>Source Files</Filter>
    </ClCompile>
    <ClCompile Include="ProxyData.cpp">
      <Filter>Source Files</Filter>
    </ClCompile>
    <ClCompile Include="..\InstantVNC\SerializeData.cpp">
      <Filter>Source Files</Filter>
    </ClCompile>
    <ClCompile Include="..\InstantVNC\TextData.cpp">
      <Filter>Source Files</Filter>
    </ClCompile>
    <ClCompile Include="TextLister.cpp">
      <Filter>Source Files</Filter>
    </ClCompile>
    <ClCompile Include="WndProc.cpp">
      <Filter>Source Files</Filter>
    </ClCompile>
  </ItemGroup>
  <ItemGroup>
    <ResourceCompile Include="AskParameter.rc">
      <Filter>Source Files</Filter>
    </ResourceCompile>
  </ItemGroup>
  <ItemGroup>
    <ClInclude Include="AskDlg.h">
      <Filter>Header Files</Filter>
    </ClInclude>
    <ClInclude Include="..\COMMON\CommonBase.h">
      <Filter>Header Files</Filter>
    </ClInclude>
    <ClInclude Include="EchowareDll.h">
      <Filter>Header Files</Filter>
    </ClInclude>
    <ClInclude Include="ProxyData.h">
      <Filter>Header Files</Filter>
    </ClInclude>
    <ClInclude Include="resource.h">
      <Filter>Header Files</Filter>
    </ClInclude>
    <ClInclude Include="..\COMMON\Serialize.h">
      <Filter>Header Files</Filter>
    </ClInclude>
    <ClInclude Include="..\InstantVNC\SerializeData.h">
      <Filter>Header Files</Filter>
    </ClInclude>
    <ClInclude Include="..\InstantVNC\TextData.h">
      <Filter>Header Files</Filter>
    </ClInclude>
    <ClInclude Include="TextLister.h">
      <Filter>Header Files</Filter>
    </ClInclude>
  </ItemGroup>
  <ItemGroup>
    <None Include="res\banner.GIF">
      <Filter>Resource Files</Filter>
    </None>
    <None Include="res\bitmap1.bmp">
      <Filter>Resource Files</Filter>
    </None>
    <None Include="res\BlueEye.ico">
      <Filter>Resource Files</Filter>
    </None>
    <None Include="res\icon1.ico">
      <Filter>Resource Files</Filter>
    </None>
    <None Include="res\lock.bmp">
      <Filter>Resource Files</Filter>
    </None>
    <None Include="res\lock.ico">
      <Filter>Resource Files</Filter>
    </None>
  </ItemGroup>
</Project>