<?xml version="1.0" encoding="utf-8"?>
<Project ToolsVersion="4.0" xmlns="http://schemas.microsoft.com/developer/msbuild/2003">
  <ItemGroup>
    <Filter Include="Source Files">
      <UniqueIdentifier>{8faaaae2-e60e-47b3-96c4-0d8c2b1a3380}</UniqueIdentifier>
      <Extensions>cpp;c;cxx;rc;def;r;odl;idl;hpj;bat</Extensions>
    </Filter>
    <Filter Include="Header Files">
      <UniqueIdentifier>{b9a40e52-fbc3-43a9-aa1b-1e722f562785}</UniqueIdentifier>
      <Extensions>h;hpp;hxx;hm;inl</Extensions>
    </Filter>
  </ItemGroup>
  <ItemGroup>
    <ClCompile Include="FdInStream.cxx">
      <Filter>Source Files</Filter>
    </ClCompile>
    <ClCompile Include="FdOutStream.cxx">
      <Filter>Source Files</Filter>
    </ClCompile>
    <ClCompile Include="InStream.cxx">
      <Filter>Source Files</Filter>
    </ClCompile>
    <ClCompile Include="NullOutStream.cxx">
      <Filter>Source Files</Filter>
    </ClCompile>
    <ClCompile Include="ZlibInStream.cxx">
      <Filter>Source Files</Filter>
    </ClCompile>
    <ClCompile Include="ZlibOutStream.cxx">
      <Filter>Source Files</Filter>
    </ClCompile>
  </ItemGroup>
  <ItemGroup>
    <ClInclude Include="Exception.h">
      <Filter>Header Files</Filter>
    </ClInclude>
    <ClInclude Include="FdInStream.h">
      <Filter>Header Files</Filter>
    </ClInclude>
    <ClInclude Include="FdOutStream.h">
      <Filter>Header Files</Filter>
    </ClInclude>
    <ClInclude Include="FixedMemOutStream.h">
      <Filter>Header Files</Filter>
    </ClInclude>
    <ClInclude Include="InStream.h">
      <Filter>Header Files</Filter>
    </ClInclude>
    <ClInclude Include="MemInStream.h">
      <Filter>Header Files</Filter>
    </ClInclude>
    <ClInclude Include="MemOutStream.h">
      <Filter>Header Files</Filter>
    </ClInclude>
    <ClInclude Include="NullOutStream.h">
      <Filter>Header Files</Filter>
    </ClInclude>
    <ClInclude Include="OutStream.h">
      <Filter>Header Files</Filter>
    </ClInclude>
    <ClInclude Include="types.h">
      <Filter>Header Files</Filter>
    </ClInclude>
    <ClInclude Include="ZlibInStream.h">
      <Filter>Header Files</Filter>
    </ClInclude>
    <ClInclude Include="ZlibOutStream.h">
      <Filter>Header Files</Filter>
    </ClInclude>
  </ItemGroup>
</Project>